
Microsoft Visual Studio Solution File, Format Version 12.00
# Visual Studio Version 17
VisualStudioVersion = 17.3.32929.385
MinimumVisualStudioVersion = 10.0.40219.1
Project("{FAE04EC0-301F-11D3-BF4B-00C04F79EFBC}") = "Demo", "src\Demo.csproj", "{CA8C26FA-65C7-4455-89D0-428908120D9C}"
EndProject
Global
	GlobalSection(SolutionConfigurationPlatforms) = preSolution
		Debug|Any CPU = Debug|Any CPU
		Release|Any CPU = Release|Any CPU
	EndGlobalSection
	GlobalSection(ProjectConfigurationPlatforms) = postSolution
		{CA8C26FA-65C7-4455-89D0-428908120D9C}.Debug|Any CPU.ActiveCfg = Debug|Any CPU
		{CA8C26FA-65C7-4455-89D0-428908120D9C}.Debug|Any CPU.Build.0 = Debug|Any CPU
		{CA8C26FA-65C7-4455-89D0-428908120D9C}.Release|Any CPU.ActiveCfg = Release|Any CPU
		{CA8C26FA-65C7-4455-89D0-428908120D9C}.Release|Any CPU.Build.0 = Release|Any CPU
	EndGlobalSection
	GlobalSection(SolutionProperties) = preSolution
		HideSolutionNode = FALSE
	EndGlobalSection
	GlobalSection(ExtensibilityGlobals) = postSolution
		SolutionGuid = {344D5359-1167-4DDD-8609-EFAA0C4E0AE7}
	EndGlobalSection
EndGlobal
